
Microsoft Visual Studio Solution File, Format Version 12.00
# Visual Studio Version 17
VisualStudioVersion = 17.12.35527.113
MinimumVisualStudioVersion = 10.0.40219.1
Project("{FAE04EC0-301F-11D3-BF4B-00C04F79EFBC}") = "WebApiProject", "WebApiProject\WebApiProject.csproj", "{9B0EF9B4-765F-4588-B4C1-FBD4912C090A}"
EndProject
Project("{FAE04EC0-301F-11D3-BF4B-00C04F79EFBC}") = "Entities", "Entities\Entities.csproj", "{FD1A669F-A1A7-4F87-AD6F-D02322DB514D}"
EndProject
Project("{FAE04EC0-301F-11D3-BF4B-00C04F79EFBC}") = "Repositories", "Repositories\Repositories.csproj", "{2619A6A5-9F91-4ACB-8762-11A4B14D4FB5}"
EndProject
Project("{FAE04EC0-301F-11D3-BF4B-00C04F79EFBC}") = "Services", "Services\Services.csproj", "{1F498C38-E63D-4381-B939-7B81653E7860}"
EndProject
Project("{FAE04EC0-301F-11D3-BF4B-00C04F79EFBC}") = "Presentation", "Presentation\Presentation.csproj", "{7B9A9569-8B07-417E-BE77-2BB53F31FF3F}"
EndProject
Global
	GlobalSection(SolutionConfigurationPlatforms) = preSolution
		Debug|Any CPU = Debug|Any CPU
		Release|Any CPU = Release|Any CPU
	EndGlobalSection
	GlobalSection(ProjectConfigurationPlatforms) = postSolution
		{9B0EF9B4-765F-4588-B4C1-FBD4912C090A}.Debug|Any CPU.ActiveCfg = Debug|Any CPU
		{9B0EF9B4-765F-4588-B4C1-FBD4912C090A}.Debug|Any CPU.Build.0 = Debug|Any CPU
		{9B0EF9B4-765F-4588-B4C1-FBD4912C090A}.Release|Any CPU.ActiveCfg = Release|Any CPU
		{9B0EF9B4-765F-4588-B4C1-FBD4912C090A}.Release|Any CPU.Build.0 = Release|Any CPU
		{FD1A669F-A1A7-4F87-AD6F-D02322DB514D}.Debug|Any CPU.ActiveCfg = Debug|Any CPU
		{FD1A669F-A1A7-4F87-AD6F-D02322DB514D}.Debug|Any CPU.Build.0 = Debug|Any CPU
		{FD1A669F-A1A7-4F87-AD6F-D02322DB514D}.Release|Any CPU.ActiveCfg = Release|Any CPU
		{FD1A669F-A1A7-4F87-AD6F-D02322DB514D}.Release|Any CPU.Build.0 = Release|Any CPU
		{2619A6A5-9F91-4ACB-8762-11A4B14D4FB5}.Debug|Any CPU.ActiveCfg = Debug|Any CPU
		{2619A6A5-9F91-4ACB-8762-11A4B14D4FB5}.Debug|Any CPU.Build.0 = Debug|Any CPU
		{2619A6A5-9F91-4ACB-8762-11A4B14D4FB5}.Release|Any CPU.ActiveCfg = Release|Any CPU
		{2619A6A5-9F91-4ACB-8762-11A4B14D4FB5}.Release|Any CPU.Build.0 = Release|Any CPU
		{1F498C38-E63D-4381-B939-7B81653E7860}.Debug|Any CPU.ActiveCfg = Debug|Any CPU
		{1F498C38-E63D-4381-B939-7B81653E7860}.Debug|Any CPU.Build.0 = Debug|Any CPU
		{1F498C38-E63D-4381-B939-7B81653E7860}.Release|Any CPU.ActiveCfg = Release|Any CPU
		{1F498C38-E63D-4381-B939-7B81653E7860}.Release|Any CPU.Build.0 = Release|Any CPU
		{7B9A9569-8B07-417E-BE77-2BB53F31FF3F}.Debug|Any CPU.ActiveCfg = Debug|Any CPU
		{7B9A9569-8B07-417E-BE77-2BB53F31FF3F}.Debug|Any CPU.Build.0 = Debug|Any CPU
		{7B9A9569-8B07-417E-BE77-2BB53F31FF3F}.Release|Any CPU.ActiveCfg = Release|Any CPU
		{7B9A9569-8B07-417E-BE77-2BB53F31FF3F}.Release|Any CPU.Build.0 = Release|Any CPU
	EndGlobalSection
	GlobalSection(SolutionProperties) = preSolution
		HideSolutionNode = FALSE
	EndGlobalSection
EndGlobal
